
Microsoft Visual Studio Solution File, Format Version 12.00
# Visual Studio Version 16
VisualStudioVersion = 16.0.30711.63
MinimumVisualStudioVersion = 10.0.40219.1
Project("{FAE04EC0-301F-11D3-BF4B-00C04F79EFBC}") = "TypeConversion", "TypeConversion\TypeConversion.csproj", "{D81C8829-9608-4982-9D4D-D22813773038}"
EndProject
Global
	GlobalSection(SolutionConfigurationPlatforms) = preSolution
		Debug|Any CPU = Debug|Any CPU
		Release|Any CPU = Release|Any CPU
	EndGlobalSection
	GlobalSection(ProjectConfigurationPlatforms) = postSolution
		{D81C8829-9608-4982-9D4D-D22813773038}.Debug|Any CPU.ActiveCfg = Debug|Any CPU
		{D81C8829-9608-4982-9D4D-D22813773038}.Debug|Any CPU.Build.0 = Debug|Any CPU
		{D81C8829-9608-4982-9D4D-D22813773038}.Release|Any CPU.ActiveCfg = Release|Any CPU
		{D81C8829-9608-4982-9D4D-D22813773038}.Release|Any CPU.Build.0 = Release|Any CPU
	EndGlobalSection
	GlobalSection(SolutionProperties) = preSolution
		HideSolutionNode = FALSE
	EndGlobalSection
	GlobalSection(ExtensibilityGlobals) = postSolution
		SolutionGuid = {BF7DEF31-CEE2-46C1-B3D9-28EE2A68490D}
	EndGlobalSection
EndGlobal
